
Microsoft Visual Studio Solution File, Format Version 12.00
# Visual Studio Version 16
VisualStudioVersion = 16.0.31025.194
MinimumVisualStudioVersion = 10.0.40219.1
Project("{FAE04EC0-301F-11D3-BF4B-00C04F79EFBC}") = "P01.StudentSystem", "P01.StudentSystem\P01.StudentSystem.csproj", "{D3627E8A-24E5-4CE0-923E-0D2892AD2B07}"
EndProject
Global
	GlobalSection(SolutionConfigurationPlatforms) = preSolution
		Debug|Any CPU = Debug|Any CPU
		Release|Any CPU = Release|Any CPU
	EndGlobalSection
	GlobalSection(ProjectConfigurationPlatforms) = postSolution
		{D3627E8A-24E5-4CE0-923E-0D2892AD2B07}.Debug|Any CPU.ActiveCfg = Debug|Any CPU
		{D3627E8A-24E5-4CE0-923E-0D2892AD2B07}.Debug|Any CPU.Build.0 = Debug|Any CPU
		{D3627E8A-24E5-4CE0-923E-0D2892AD2B07}.Release|Any CPU.ActiveCfg = Release|Any CPU
		{D3627E8A-24E5-4CE0-923E-0D2892AD2B07}.Release|Any CPU.Build.0 = Release|Any CPU
	EndGlobalSection
	GlobalSection(SolutionProperties) = preSolution
		HideSolutionNode = FALSE
	EndGlobalSection
	GlobalSection(ExtensibilityGlobals) = postSolution
		SolutionGuid = {DAD341CD-C938-4474-8ACC-E6A981B310FC}
	EndGlobalSection
EndGlobal
